<?xml version="1.0" encoding="utf-8"?>
<Project xmlns="http://schemas.microsoft.com/developer/msbuild/2003">
  <ItemGroup>
    <Filter Include="Form Files">
      <UniqueIdentifier>{99349809-55BA-4b9d-BF79-8FDBB0286EB3}</UniqueIdentifier>
      <Extensions>ui</Extensions>
      <ParseFiles>false</ParseFiles>
    </Filter>
    <Filter Include="Form Files">
      <UniqueIdentifier>{99349809-55BA-4b9d-BF79-8FDBB0286EB3}</UniqueIdentifier>
      <Extensions>ui</Extensions>
      <ParseFiles>false</ParseFiles>
    </Filter>
    <Filter Include="Generated Files">
      <UniqueIdentifier>{71ED8ED8-ACB9-4CE9-BBE1-E00B30144E11}</UniqueIdentifier>
      <Extensions>cpp;c;cxx;moc;h;def;odl;idl;res;</Extensions>
    </Filter>
    <Filter Include="Generated Files">
      <UniqueIdentifier>{71ED8ED8-ACB9-4CE9-BBE1-E00B30144E11}</UniqueIdentifier>
      <Extensions>cpp;c;cxx;moc;h;def;odl;idl;res;</Extensions>
    </Filter>
    <Filter Include="Header Files">
      <UniqueIdentifier>{93995380-89BD-4b04-88EB-625FBE52EBFB}</UniqueIdentifier>
      <Extensions>h;hpp;hxx;hm;inl;inc;xsd</Extensions>
    </Filter>
    <Filter Include="Header Files">
      <UniqueIdentifier>{93995380-89BD-4b04-88EB-625FBE52EBFB}</UniqueIdentifier>
      <Extensions>h;hpp;hxx;hm;inl;inc;xsd</Extensions>
    </Filter>
    <Filter Include="Resource Files">
      <UniqueIdentifier>{D9D6E242-F8AF-46E4-B9FD-80ECBC20BA3E}</UniqueIdentifier>
      <Extensions>qrc;*</Extensions>
      <ParseFiles>false</ParseFiles>
    </Filter>
    <Filter Include="Resource Files">
      <UniqueIdentifier>{D9D6E242-F8AF-46E4-B9FD-80ECBC20BA3E}</UniqueIdentifier>
      <Extensions>qrc;*</Extensions>
      <ParseFiles>false</ParseFiles>
    </Filter>
    <Filter Include="Source Files">
      <UniqueIdentifier>{4FC737F1-C7A5-4376-A066-2A32D752A2FF}</UniqueIdentifier>
      <Extensions>cpp;c;cxx;def;odl;idl;hpj;bat;asm;asmx</Extensions>
    </Filter>
    <Filter Include="Source Files">
      <UniqueIdentifier>{4FC737F1-C7A5-4376-A066-2A32D752A2FF}</UniqueIdentifier>
      <Extensions>cpp;c;cxx;def;odl;idl;hpj;bat;asm;asmx</Extensions>
    </Filter>
    <Filter Include="Models">
      <UniqueIdentifier>{f2179125-e407-4a1c-8966-3f4372f610fa}</UniqueIdentifier>
    </Filter>
    <Filter Include="Items">
      <UniqueIdentifier>{d3560cdc-49d0-4190-841a-851a3d2ef2f2}</UniqueIdentifier>
    </Filter>
    <Filter Include="Dialogs">
      <UniqueIdentifier>{584c8d3f-1094-4df1-a728-3b8e21b363f8}</UniqueIdentifier>
    </Filter>
    <Filter Include="Utils">
      <UniqueIdentifier>{f8dd12d4-a5a5-4ea5-bc4e-6478e737132b}</UniqueIdentifier>
    </Filter>
    <Filter Include="Widgets">
      <UniqueIdentifier>{66028616-657c-40ca-ac11-506322771e95}</UniqueIdentifier>
    </Filter>
  </ItemGroup>
  <ItemGroup>
    <ClCompile Include="d.cpp">
      <Filter>Source Files</Filter>
    </ClCompile>
    <ClCompile Include="form.cpp">
      <Filter>Source Files</Filter>
    </ClCompile>
    <ClCompile Include="main.cpp">
      <Filter>Source Files</Filter>
    </ClCompile>
    <ClCompile Include="sign_mess.cpp">
      <Filter>Source Files</Filter>
    </ClCompile>
    <ClCompile Include="sockettest.cpp">
      <Filter>Source Files</Filter>
    </ClCompile>
    <ClCompile Include="worker.cpp">
      <Filter>Source Files</Filter>
    </ClCompile>
    <ClCompile Include="zipvcontrol.cpp">
      <Filter>Source Files</Filter>
    </ClCompile>
    <ClCompile Include="items\RecPayItem.cpp">
      <Filter>Items</Filter>
    </ClCompile>
    <ClCompile Include="models\RecPayModel.cpp">
      <Filter>Models</Filter>
    </ClCompile>
    <ClCompile Include="dialogs\OpenUri.cpp">
      <Filter>Dialogs</Filter>
    </ClCompile>
    <ClCompile Include="dialogs\SendingAddressList.cpp">
      <Filter>Dialogs</Filter>
    </ClCompile>
    <ClCompile Include="utils\AutoSaver.cpp">
      <Filter>Utils</Filter>
    </ClCompile>
    <ClCompile Include="utils\FileUtils.cpp">
      <Filter>Utils</Filter>
    </ClCompile>
    <ClCompile Include="utils\StringUtils.cpp">
      <Filter>Utils</Filter>
    </ClCompile>
    <ClCompile Include="items\AddressItem.cpp">
      <Filter>Items</Filter>
    </ClCompile>
    <ClCompile Include="models\AddressBookModel.cpp">
      <Filter>Models</Filter>
    </ClCompile>
    <ClCompile Include="dialogs\DlgAddress.cpp">
      <Filter>Dialogs</Filter>
    </ClCompile>
    <ClCompile Include="dialogs\ReceiveAddressList.cpp">
      <Filter>Dialogs</Filter>
    </ClCompile>
    <ClCompile Include="dialogs\DlgSettings.cpp">
      <Filter>Dialogs</Filter>
    </ClCompile>
    <ClCompile Include="utils\QrEncoder.cpp">
      <Filter>Utils</Filter>
    </ClCompile>
    <ClCompile Include="widgets\QrCodeImage.cpp">
      <Filter>Widgets</Filter>
    </ClCompile>
    <ClCompile Include="models\PaymentsModel.cpp">
      <Filter>Models</Filter>
    </ClCompile>
    <ClCompile Include="items\TransactionItem.cpp">
      <Filter>Items</Filter>
    </ClCompile>
    <ClCompile Include="dialogs\ReceiveAddressInfo.cpp">
      <Filter>Dialogs</Filter>
    </ClCompile>
    <ClCompile Include="WalletStorage.cpp">
      <Filter>Source Files</Filter>
    </ClCompile>
    <ClCompile Include="dialogs\Tools.cpp">
      <Filter>Dialogs</Filter>
    </ClCompile>
    <ClCompile Include="dialogs\DlgMultisignature.cpp">
      <Filter>Dialogs</Filter>
    </ClCompile>
    <ClCompile Include="items\AddressKeyItem.cpp">
      <Filter>Items</Filter>
    </ClCompile>
    <ClCompile Include="models\AddressKeyModel.cpp">
      <Filter>Models</Filter>
    </ClCompile>
    <ClCompile Include="items\DestinationItem.cpp">
      <Filter>Items</Filter>
    </ClCompile>
    <ClCompile Include="models\DestinationModel.cpp">
      <Filter>Models</Filter>
    </ClCompile>
    <ClCompile Include="items\TxHashItem.cpp">
      <Filter>Items</Filter>
    </ClCompile>
    <ClCompile Include="models\TxHashModel.cpp">
      <Filter>Models</Filter>
    </ClCompile>
    <ClCompile Include="items\KeyItem.cpp">
      <Filter>Items</Filter>
    </ClCompile>
    <ClCompile Include="models\KeyModel.cpp">
      <Filter>Models</Filter>
    </ClCompile>
    <ClCompile Include="dialogs\DlgAskPassphrase.cpp">
      <Filter>Dialogs</Filter>
    </ClCompile>
    <ClCompile Include="dialogs\DlgBip38Tool.cpp">
      <Filter>Dialogs</Filter>
    </ClCompile>
    <ClCompile Include="mainwindow.cpp">
      <Filter>Source Files</Filter>
    </ClCompile>
    <ClCompile Include="dialogs\DlgMultisend.cpp">
      <Filter>Dialogs</Filter>
    </ClCompile>
    <ClCompile Include="dialogs\DlgBlockchainExplorer.cpp">
      <Filter>Dialogs</Filter>
    </ClCompile>
  </ItemGroup>
  <ItemGroup>
    <QtMoc Include="d.h">
      <Filter>Header Files</Filter>
    </QtMoc>
    <ClInclude Include="dialog.h">
      <Filter>Header Files</Filter>
    </ClInclude>
    <QtMoc Include="form.h">
      <Filter>Header Files</Filter>
    </QtMoc>
    <QtMoc Include="sign_mess.h">
      <Filter>Header Files</Filter>
    </QtMoc>
    <QtMoc Include="sockettest.h">
      <Filter>Header Files</Filter>
    </QtMoc>
    <QtMoc Include="worker.h">
      <Filter>Header Files</Filter>
    </QtMoc>
    <QtMoc Include="zipvcontrol.h">
      <Filter>Header Files</Filter>
    </QtMoc>
    <QtMoc Include="items\RecPayItem.h">
      <Filter>Items</Filter>
    </QtMoc>
    <QtMoc Include="models\RecPayModel.h">
      <Filter>Models</Filter>
    </QtMoc>
    <QtMoc Include="dialogs\OpenUri.h">
      <Filter>Dialogs</Filter>
    </QtMoc>
    <QtMoc Include="dialogs\SendingAddressList.h">
      <Filter>Dialogs</Filter>
    </QtMoc>
    <QtMoc Include="utils\AutoSaver.h">
      <Filter>Utils</Filter>
    </QtMoc>
    <QtMoc Include="utils\GuiUtils.h">
      <Filter>Utils</Filter>
    </QtMoc>
    <QtMoc Include="MainWindow.h">
      <Filter>Header Files</Filter>
    </QtMoc>
    <QtMoc Include="models\AddressBookModel.h">
      <Filter>Models</Filter>
    </QtMoc>
    <QtMoc Include="dialogs\DlgAddress.h">
      <Filter>Dialogs</Filter>
    </QtMoc>
    <QtMoc Include="dialogs\ReceiveAddressList.h">
      <Filter>Dialogs</Filter>
    </QtMoc>
    <QtMoc Include="dialogs\DlgSettings.h">
      <Filter>Dialogs</Filter>
    </QtMoc>
    <QtMoc Include="models\PaymentsModel.h">
      <Filter>Models</Filter>
    </QtMoc>
    <QtMoc Include="dialogs\ReceiveAddressInfo.h">
      <Filter>Dialogs</Filter>
    </QtMoc>
    <QtMoc Include="items\TransactionItem.h">
      <Filter>Items</Filter>
    </QtMoc>
    <QtMoc Include="WalletStorage.h">
      <Filter>Header Files</Filter>
    </QtMoc>
    <QtMoc Include="dialogs\Tools.h">
      <Filter>Dialogs</Filter>
    </QtMoc>
    <QtMoc Include="dialogs\DlgMultisignature.h">
      <Filter>Dialogs</Filter>
    </QtMoc>
    <QtMoc Include="items\AddressKeyItem.h">
      <Filter>Items</Filter>
    </QtMoc>
    <QtMoc Include="models\AddressKeyModel.h">
      <Filter>Models</Filter>
    </QtMoc>
    <QtMoc Include="items\DestinationItem.h">
      <Filter>Items</Filter>
    </QtMoc>
    <QtMoc Include="models\DestinationModel.h">
      <Filter>Models</Filter>
    </QtMoc>
    <QtMoc Include="items\TxHashItem.h">
      <Filter>Items</Filter>
    </QtMoc>
    <QtMoc Include="models\TxHashModel.h">
      <Filter>Models</Filter>
    </QtMoc>
    <QtMoc Include="items\KeyItem.h">
      <Filter>Items</Filter>
    </QtMoc>
    <QtMoc Include="models\KeyModel.h">
      <Filter>Models</Filter>
    </QtMoc>
    <QtMoc Include="dialogs\DlgAskPassphrase.h">
      <Filter>Dialogs</Filter>
    </QtMoc>
    <QtMoc Include="dialogs\DlgBip38Tool.h">
      <Filter>Dialogs</Filter>
    </QtMoc>
    <QtMoc Include="dialogs\DlgMultisend.h">
      <Filter>Dialogs</Filter>
    </QtMoc>
    <QtMoc Include="dialogs\DlgBlockchainExplorer.h">
      <Filter>Dialogs</Filter>
    </QtMoc>
  </ItemGroup>
  <ItemGroup>
    <CustomBuild Include="GeneratedFiles\moc_predefs.h.cbt">
      <Filter>Generated Files</Filter>
    </CustomBuild>
  </ItemGroup>
  <ItemGroup>
    <QtUic Include="ui\dialog.ui">
      <Filter>Form Files</Filter>
    </QtUic>
    <QtUic Include="ui\form.ui">
      <Filter>Form Files</Filter>
    </QtUic>
    <QtUic Include="ui\sign_mess.ui">
      <Filter>Form Files</Filter>
    </QtUic>
    <QtUic Include="ui\zipvcontrol.ui">
      <Filter>Form Files</Filter>
    </QtUic>
    <QtUic Include="ui\RecPayItem.ui">
      <Filter>Form Files</Filter>
    </QtUic>
    <QtUic Include="ui\OpenUri.ui">
      <Filter>Form Files</Filter>
    </QtUic>
    <QtUic Include="ui\SendingAddressList.ui">
      <Filter>Form Files</Filter>
    </QtUic>
    <QtUic Include="ui\MainWindow.ui">
      <Filter>Form Files</Filter>
    </QtUic>
    <QtUic Include="ui\DlgAddress.ui">
      <Filter>Form Files</Filter>
    </QtUic>
    <QtUic Include="ui\ReceiveAddressList.ui">
      <Filter>Form Files</Filter>
    </QtUic>
    <QtUic Include="ui\DlgSettings.ui">
      <Filter>Form Files</Filter>
    </QtUic>
    <QtUic Include="ui\ReceiveAddressInfo.ui">
      <Filter>Form Files</Filter>
    </QtUic>
    <QtUic Include="ui\Tools.ui">
      <Filter>Form Files</Filter>
    </QtUic>
    <QtUic Include="ui\DlgMultisignature.ui">
      <Filter>Form Files</Filter>
    </QtUic>
    <QtUic Include="ui\AddressKeyItem.ui">
      <Filter>Form Files</Filter>
    </QtUic>
    <QtUic Include="ui\DestinationItem.ui">
      <Filter>Form Files</Filter>
    </QtUic>
    <QtUic Include="ui\TxHashItem.ui">
      <Filter>Form Files</Filter>
    </QtUic>
    <QtUic Include="ui\KeyItem.ui">
      <Filter>Form Files</Filter>
    </QtUic>
    <QtUic Include="ui\DlgAskPassphrase.ui">
      <Filter>Form Files</Filter>
    </QtUic>
    <QtUic Include="ui\DlgBip38Tool.ui">
      <Filter>Form Files</Filter>
    </QtUic>
    <QtUic Include="ui\DlgMultisend.ui">
      <Filter>Form Files</Filter>
    </QtUic>
    <QtUic Include="ui\DlgBlockchainExplorer.ui">
      <Filter>Form Files</Filter>
    </QtUic>
  </ItemGroup>
  <ItemGroup>
    <QtRcc Include="resources\resource.qrc">
      <Filter>Resource Files</Filter>
    </QtRcc>
  </ItemGroup>
  <ItemGroup>
    <ClInclude Include="utils\FileUtils.h">
      <Filter>Utils</Filter>
    </ClInclude>
    <ClInclude Include="utils\StringUtils.h">
      <Filter>Utils</Filter>
    </ClInclude>
    <ClInclude Include="items\AddressItem.h">
      <Filter>Items</Filter>
    </ClInclude>
    <ClInclude Include="utils\QrEncoder.h">
      <Filter>Utils</Filter>
    </ClInclude>
    <ClInclude Include="widgets\QrCodeImage.h">
      <Filter>Widgets</Filter>
    </ClInclude>
  </ItemGroup>
</Project>